
Microsoft Visual Studio Solution File, Format Version 12.00
# Visual Studio Version 16
VisualStudioVersion = 16.0.31702.278
MinimumVisualStudioVersion = 10.0.40219.1
Project("{FAE04EC0-301F-11D3-BF4B-00C04F79EFBC}") = "ByteBank.SistemaAgencia", "ByteBank.SistemaAgencia\ByteBank.SistemaAgencia.csproj", "{9C22AD60-3D35-4874-96A0-9BE0AD7ACBD7}"
EndProject
Project("{FAE04EC0-301F-11D3-BF4B-00C04F79EFBC}") = "ByteBank.Modelos", "ByteBank.Modelos\ByteBank.Modelos.csproj", "{D72FEAD7-BFAF-4662-8F77-84A2E27D0812}"
EndProject
Global
	GlobalSection(SolutionConfigurationPlatforms) = preSolution
		Debug|Any CPU = Debug|Any CPU
		Release|Any CPU = Release|Any CPU
	EndGlobalSection
	GlobalSection(ProjectConfigurationPlatforms) = postSolution
		{9C22AD60-3D35-4874-96A0-9BE0AD7ACBD7}.Debug|Any CPU.ActiveCfg = Debug|Any CPU
		{9C22AD60-3D35-4874-96A0-9BE0AD7ACBD7}.Debug|Any CPU.Build.0 = Debug|Any CPU
		{9C22AD60-3D35-4874-96A0-9BE0AD7ACBD7}.Release|Any CPU.ActiveCfg = Release|Any CPU
		{9C22AD60-3D35-4874-96A0-9BE0AD7ACBD7}.Release|Any CPU.Build.0 = Release|Any CPU
		{D72FEAD7-BFAF-4662-8F77-84A2E27D0812}.Debug|Any CPU.ActiveCfg = Debug|Any CPU
		{D72FEAD7-BFAF-4662-8F77-84A2E27D0812}.Debug|Any CPU.Build.0 = Debug|Any CPU
		{D72FEAD7-BFAF-4662-8F77-84A2E27D0812}.Release|Any CPU.ActiveCfg = Release|Any CPU
		{D72FEAD7-BFAF-4662-8F77-84A2E27D0812}.Release|Any CPU.Build.0 = Release|Any CPU
	EndGlobalSection
	GlobalSection(SolutionProperties) = preSolution
		HideSolutionNode = FALSE
	EndGlobalSection
	GlobalSection(ExtensibilityGlobals) = postSolution
		SolutionGuid = {143A60CE-6862-4348-B016-6DAD1FEF75E3}
	EndGlobalSection
EndGlobal
